{
  "name": "sills-monorepo",
  "version": "0.1.0",
  "lockfileVersion": 3,
  "requires": true,
  "packages": {
    "": {
      "name": "sills-monorepo",
      "version": "0.1.0",
      "license": "MIT",
      "workspaces": [
        "skills/*",
        "packages/*"
      ],
      "engines": {
        "node": ">=20"
      }
    },
    "node_modules/@sills/audit-cli": {
      "resolved": "packages/audit-cli",
      "link": true
    },
    "node_modules/sills-audit": {
      "resolved": "skills/sills-audit",
      "link": true
    },
    "node_modules/sills-audit-accessibility": {
      "resolved": "skills/sills-audit-accessibility",
      "link": true
    },
    "node_modules/sills-audit-architecture": {
      "resolved": "skills/sills-audit-architecture",
      "link": true
    },
    "node_modules/sills-audit-content": {
      "resolved": "skills/sills-audit-content",
      "link": true
    },
    "node_modules/sills-audit-experience": {
      "resolved": "skills/sills-audit-experience",
      "link": true
    },
    "node_modules/sills-audit-installer": {
      "resolved": "packages/skill-installer",
      "link": true
    },
    "node_modules/sills-audit-security": {
      "resolved": "skills/sills-audit-security",
      "link": true
    },
    "packages/audit-cli": {
      "name": "@sills/audit-cli",
      "version": "0.1.0",
      "license": "MIT",
      "bin": {
        "sills-audit-dev": "bin/sills-audit-dev.mjs"
      }
    },
    "packages/skill-installer": {
      "name": "sills-audit-installer",
      "version": "0.1.0",
      "license": "MIT",
      "engines": {
        "node": ">=20"
      }
    },
    "skills/sills-audit": {
      "version": "0.1.0",
      "license": "MIT",
      "dependencies": {
        "sills-audit-accessibility": "0.1.0",
        "sills-audit-architecture": "0.1.0",
        "sills-audit-content": "0.1.0",
        "sills-audit-experience": "0.1.0",
        "sills-audit-installer": "0.1.0",
        "sills-audit-security": "0.1.0"
      },
      "bin": {
        "sills-audit": "bin/sills-audit.mjs"
      },
      "engines": {
        "node": ">=20"
      }
    },
    "skills/sills-audit-accessibility": {
      "version": "0.1.0",
      "license": "MIT",
      "dependencies": {
        "sills-audit-installer": "0.1.0"
      },
      "bin": {
        "sills-audit-accessibility": "bin/install.mjs"
      },
      "engines": {
        "node": ">=20"
      }
    },
    "skills/sills-audit-architecture": {
      "version": "0.1.0",
      "license": "MIT",
      "dependencies": {
        "sills-audit-installer": "0.1.0"
      },
      "bin": {
        "sills-audit-architecture": "bin/install.mjs"
      },
      "engines": {
        "node": ">=20"
      }
    },
    "skills/sills-audit-content": {
      "version": "0.1.0",
      "license": "MIT",
      "dependencies": {
        "sills-audit-installer": "0.1.0"
      },
      "bin": {
        "sills-audit-content": "bin/install.mjs"
      },
      "engines": {
        "node": ">=20"
      }
    },
    "skills/sills-audit-experience": {
      "version": "0.1.0",
      "license": "MIT",
      "dependencies": {
        "sills-audit-installer": "0.1.0"
      },
      "bin": {
        "sills-audit-experience": "bin/install.mjs"
      },
      "engines": {
        "node": ">=20"
      }
    },
    "skills/sills-audit-security": {
      "version": "0.1.0",
      "license": "MIT",
      "dependencies": {
        "sills-audit-installer": "0.1.0"
      },
      "bin": {
        "sills-audit-security": "bin/install.mjs"
      },
      "engines": {
        "node": ">=20"
      }
    }
  }
}
