{
  "name": "sills-monorepo",
  "version": "0.3.0",
  "lockfileVersion": 3,
  "requires": true,
  "packages": {
    "": {
      "name": "sills-monorepo",
      "version": "0.3.0",
      "license": "MIT",
      "workspaces": [
        "skills/*",
        "packages/*"
      ],
      "bin": {
        "sills-audit": "skills/sills-audit/bin/sills-audit.mjs"
      },
      "engines": {
        "node": ">=20"
      }
    },
    "node_modules/@sills/audit-cli": {
      "resolved": "packages/audit-cli",
      "link": true
    },
    "node_modules/sills-audit": {
      "resolved": "skills/sills-audit",
      "link": true
    },
    "node_modules/sills-audit-accessibility": {
      "resolved": "skills/sills-audit-accessibility",
      "link": true
    },
    "node_modules/sills-audit-agent-readiness": {
      "resolved": "skills/sills-audit-agent-readiness",
      "link": true
    },
    "node_modules/sills-audit-api-design": {
      "resolved": "skills/sills-audit-api-design",
      "link": true
    },
    "node_modules/sills-audit-architecture": {
      "resolved": "skills/sills-audit-architecture",
      "link": true
    },
    "node_modules/sills-audit-content": {
      "resolved": "skills/sills-audit-content",
      "link": true
    },
    "node_modules/sills-audit-design-system": {
      "resolved": "skills/sills-audit-design-system",
      "link": true
    },
    "node_modules/sills-audit-experience": {
      "resolved": "skills/sills-audit-experience",
      "link": true
    },
    "node_modules/sills-audit-installer": {
      "resolved": "packages/skill-installer",
      "link": true
    },
    "node_modules/sills-audit-localization": {
      "resolved": "skills/sills-audit-localization",
      "link": true
    },
    "node_modules/sills-audit-performance": {
      "resolved": "skills/sills-audit-performance",
      "link": true
    },
    "node_modules/sills-audit-privacy-and-trust": {
      "resolved": "skills/sills-audit-privacy-and-trust",
      "link": true
    },
    "node_modules/sills-audit-release-readiness": {
      "resolved": "skills/sills-audit-release-readiness",
      "link": true
    },
    "node_modules/sills-audit-security": {
      "resolved": "skills/sills-audit-security",
      "link": true
    },
    "node_modules/sills-audit-seo": {
      "resolved": "skills/sills-audit-seo",
      "link": true
    },
    "node_modules/sills-audit-testing-strategy": {
      "resolved": "skills/sills-audit-testing-strategy",
      "link": true
    },
    "packages/audit-cli": {
      "name": "@sills/audit-cli",
      "version": "0.1.0",
      "license": "MIT",
      "bin": {
        "sills-audit-dev": "bin/sills-audit-dev.mjs"
      }
    },
    "packages/skill-installer": {
      "name": "sills-audit-installer",
      "version": "0.1.0",
      "license": "MIT",
      "engines": {
        "node": ">=20"
      }
    },
    "skills/sills-audit": {
      "version": "0.3.1",
      "license": "MIT",
      "dependencies": {
        "sills-audit-accessibility": "0.2.0",
        "sills-audit-agent-readiness": "0.2.0",
        "sills-audit-api-design": "0.2.0",
        "sills-audit-architecture": "0.2.0",
        "sills-audit-content": "0.2.0",
        "sills-audit-design-system": "0.2.0",
        "sills-audit-experience": "0.2.0",
        "sills-audit-installer": "0.1.0",
        "sills-audit-localization": "0.2.0",
        "sills-audit-performance": "0.2.0",
        "sills-audit-privacy-and-trust": "0.2.0",
        "sills-audit-release-readiness": "0.2.0",
        "sills-audit-security": "0.2.0",
        "sills-audit-seo": "0.2.0",
        "sills-audit-testing-strategy": "0.2.0"
      },
      "bin": {
        "sills-audit": "bin/sills-audit.mjs"
      },
      "engines": {
        "node": ">=20"
      }
    },
    "skills/sills-audit-accessibility": {
      "version": "0.2.0",
      "license": "MIT",
      "dependencies": {
        "sills-audit-installer": "0.1.0"
      },
      "bin": {
        "sills-audit-accessibility": "bin/install.mjs"
      },
      "engines": {
        "node": ">=20"
      }
    },
    "skills/sills-audit-agent-readiness": {
      "version": "0.2.0",
      "license": "MIT",
      "dependencies": {
        "sills-audit-installer": "0.1.0"
      },
      "bin": {
        "sills-audit-agent-readiness": "bin/install.mjs"
      },
      "engines": {
        "node": ">=20"
      }
    },
    "skills/sills-audit-api-design": {
      "version": "0.2.0",
      "license": "MIT",
      "dependencies": {
        "sills-audit-installer": "0.1.0"
      },
      "bin": {
        "sills-audit-api-design": "bin/install.mjs"
      },
      "engines": {
        "node": ">=20"
      }
    },
    "skills/sills-audit-architecture": {
      "version": "0.2.0",
      "license": "MIT",
      "dependencies": {
        "sills-audit-installer": "0.1.0"
      },
      "bin": {
        "sills-audit-architecture": "bin/install.mjs"
      },
      "engines": {
        "node": ">=20"
      }
    },
    "skills/sills-audit-content": {
      "version": "0.2.0",
      "license": "MIT",
      "dependencies": {
        "sills-audit-installer": "0.1.0"
      },
      "bin": {
        "sills-audit-content": "bin/install.mjs"
      },
      "engines": {
        "node": ">=20"
      }
    },
    "skills/sills-audit-design-system": {
      "version": "0.2.0",
      "license": "MIT",
      "dependencies": {
        "sills-audit-installer": "0.1.0"
      },
      "bin": {
        "sills-audit-design-system": "bin/install.mjs"
      },
      "engines": {
        "node": ">=20"
      }
    },
    "skills/sills-audit-experience": {
      "version": "0.2.0",
      "license": "MIT",
      "dependencies": {
        "sills-audit-installer": "0.1.0"
      },
      "bin": {
        "sills-audit-experience": "bin/install.mjs"
      },
      "engines": {
        "node": ">=20"
      }
    },
    "skills/sills-audit-localization": {
      "version": "0.2.0",
      "license": "MIT",
      "dependencies": {
        "sills-audit-installer": "0.1.0"
      },
      "bin": {
        "sills-audit-localization": "bin/install.mjs"
      },
      "engines": {
        "node": ">=20"
      }
    },
    "skills/sills-audit-performance": {
      "version": "0.2.0",
      "license": "MIT",
      "dependencies": {
        "sills-audit-installer": "0.1.0"
      },
      "bin": {
        "sills-audit-performance": "bin/install.mjs"
      },
      "engines": {
        "node": ">=20"
      }
    },
    "skills/sills-audit-privacy-and-trust": {
      "version": "0.2.0",
      "license": "MIT",
      "dependencies": {
        "sills-audit-installer": "0.1.0"
      },
      "bin": {
        "sills-audit-privacy-and-trust": "bin/install.mjs"
      },
      "engines": {
        "node": ">=20"
      }
    },
    "skills/sills-audit-release-readiness": {
      "version": "0.2.0",
      "license": "MIT",
      "dependencies": {
        "sills-audit-installer": "0.1.0"
      },
      "bin": {
        "sills-audit-release-readiness": "bin/install.mjs"
      },
      "engines": {
        "node": ">=20"
      }
    },
    "skills/sills-audit-security": {
      "version": "0.2.0",
      "license": "MIT",
      "dependencies": {
        "sills-audit-installer": "0.1.0"
      },
      "bin": {
        "sills-audit-security": "bin/install.mjs"
      },
      "engines": {
        "node": ">=20"
      }
    },
    "skills/sills-audit-seo": {
      "version": "0.2.0",
      "license": "MIT",
      "dependencies": {
        "sills-audit-installer": "0.1.0"
      },
      "bin": {
        "sills-audit-seo": "bin/install.mjs"
      },
      "engines": {
        "node": ">=20"
      }
    },
    "skills/sills-audit-testing-strategy": {
      "version": "0.2.0",
      "license": "MIT",
      "dependencies": {
        "sills-audit-installer": "0.1.0"
      },
      "bin": {
        "sills-audit-testing-strategy": "bin/install.mjs"
      },
      "engines": {
        "node": ">=20"
      }
    }
  }
}
